
Microsoft Visual Studio Solution File, Format Version 12.00
# Visual Studio Version 17
VisualStudioVersion = 17.1.32210.238
MinimumVisualStudioVersion = 10.0.40219.1
Project("{9A19103F-16F7-4668-BE54-9A1E7A4F7556}") = "TornadoMVC", "TornadoMVC\TornadoMVC.csproj", "{964D3EFD-8289-4680-9396-F47BFDEF89DD}"
EndProject
Global
	GlobalSection(SolutionConfigurationPlatforms) = preSolution
		Debug|Any CPU = Debug|Any CPU
		Release|Any CPU = Release|Any CPU
	EndGlobalSection
	GlobalSection(ProjectConfigurationPlatforms) = postSolution
		{964D3EFD-8289-4680-9396-F47BFDEF89DD}.Debug|Any CPU.ActiveCfg = Debug|Any CPU
		{964D3EFD-8289-4680-9396-F47BFDEF89DD}.Debug|Any CPU.Build.0 = Debug|Any CPU
		{964D3EFD-8289-4680-9396-F47BFDEF89DD}.Release|Any CPU.ActiveCfg = Release|Any CPU
		{964D3EFD-8289-4680-9396-F47BFDEF89DD}.Release|Any CPU.Build.0 = Release|Any CPU
	EndGlobalSection
	GlobalSection(SolutionProperties) = preSolution
		HideSolutionNode = FALSE
	EndGlobalSection
	GlobalSection(ExtensibilityGlobals) = postSolution
		SolutionGuid = {AAC098AD-EC54-4E3B-BA38-47C2FB0F63A5}
	EndGlobalSection
EndGlobal
